
Microsoft Visual Studio Solution File, Format Version 12.00
# Visual Studio 15
VisualStudioVersion = 15.0.28307.572
MinimumVisualStudioVersion = 10.0.40219.1
Project("{8BC9CEB8-8B4A-11D0-8D11-00A0C91BC942}") = "STL学习", "STL学习\STL学习.vcxproj", "{C70E3A5D-227D-4857-ACBA-540984691FCF}"
EndProject
Global
	GlobalSection(SolutionConfigurationPlatforms) = preSolution
		Debug|x64 = Debug|x64
		Debug|x86 = Debug|x86
		Release|x64 = Release|x64
		Release|x86 = Release|x86
	EndGlobalSection
	GlobalSection(ProjectConfigurationPlatforms) = postSolution
		{C70E3A5D-227D-4857-ACBA-540984691FCF}.Debug|x64.ActiveCfg = Debug|x64
		{C70E3A5D-227D-4857-ACBA-540984691FCF}.Debug|x64.Build.0 = Debug|x64
		{C70E3A5D-227D-4857-ACBA-540984691FCF}.Debug|x86.ActiveCfg = Debug|Win32
		{C70E3A5D-227D-4857-ACBA-540984691FCF}.Debug|x86.Build.0 = Debug|Win32
		{C70E3A5D-227D-4857-ACBA-540984691FCF}.Release|x64.ActiveCfg = Release|x64
		{C70E3A5D-227D-4857-ACBA-540984691FCF}.Release|x64.Build.0 = Release|x64
		{C70E3A5D-227D-4857-ACBA-540984691FCF}.Release|x86.ActiveCfg = Release|Win32
		{C70E3A5D-227D-4857-ACBA-540984691FCF}.Release|x86.Build.0 = Release|Win32
	EndGlobalSection
	GlobalSection(SolutionProperties) = preSolution
		HideSolutionNode = FALSE
	EndGlobalSection
	GlobalSection(ExtensibilityGlobals) = postSolution
		SolutionGuid = {B66E4D77-6A73-4469-ACBD-5C2EE7A5319B}
	EndGlobalSection
EndGlobal
