
Microsoft Visual Studio Solution File, Format Version 12.00
# Visual Studio 15
VisualStudioVersion = 15.0.28307.572
MinimumVisualStudioVersion = 10.0.40219.1
Project("{8BC9CEB8-8B4A-11D0-8D11-00A0C91BC942}") = "每日一题0712", "每日一题0712\每日一题0712.vcxproj", "{28ABA640-44CB-4DD3-AA6D-7EE39E6DA154}"
EndProject
Global
	GlobalSection(SolutionConfigurationPlatforms) = preSolution
		Debug|x64 = Debug|x64
		Debug|x86 = Debug|x86
		Release|x64 = Release|x64
		Release|x86 = Release|x86
	EndGlobalSection
	GlobalSection(ProjectConfigurationPlatforms) = postSolution
		{28ABA640-44CB-4DD3-AA6D-7EE39E6DA154}.Debug|x64.ActiveCfg = Debug|x64
		{28ABA640-44CB-4DD3-AA6D-7EE39E6DA154}.Debug|x64.Build.0 = Debug|x64
		{28ABA640-44CB-4DD3-AA6D-7EE39E6DA154}.Debug|x86.ActiveCfg = Debug|Win32
		{28ABA640-44CB-4DD3-AA6D-7EE39E6DA154}.Debug|x86.Build.0 = Debug|Win32
		{28ABA640-44CB-4DD3-AA6D-7EE39E6DA154}.Release|x64.ActiveCfg = Release|x64
		{28ABA640-44CB-4DD3-AA6D-7EE39E6DA154}.Release|x64.Build.0 = Release|x64
		{28ABA640-44CB-4DD3-AA6D-7EE39E6DA154}.Release|x86.ActiveCfg = Release|Win32
		{28ABA640-44CB-4DD3-AA6D-7EE39E6DA154}.Release|x86.Build.0 = Release|Win32
	EndGlobalSection
	GlobalSection(SolutionProperties) = preSolution
		HideSolutionNode = FALSE
	EndGlobalSection
	GlobalSection(ExtensibilityGlobals) = postSolution
		SolutionGuid = {11B3E51B-F463-435B-B43F-6F0306727290}
	EndGlobalSection
EndGlobal
