
Microsoft Visual Studio Solution File, Format Version 12.00
# Visual Studio 15
VisualStudioVersion = 15.0.28307.572
MinimumVisualStudioVersion = 10.0.40219.1
Project("{8BC9CEB8-8B4A-11D0-8D11-00A0C91BC942}") = "每日一题0719", "每日一题0719\每日一题0719.vcxproj", "{AB6DAEDC-3651-4E2C-A556-ED98A07107A7}"
EndProject
Global
	GlobalSection(SolutionConfigurationPlatforms) = preSolution
		Debug|x64 = Debug|x64
		Debug|x86 = Debug|x86
		Release|x64 = Release|x64
		Release|x86 = Release|x86
	EndGlobalSection
	GlobalSection(ProjectConfigurationPlatforms) = postSolution
		{AB6DAEDC-3651-4E2C-A556-ED98A07107A7}.Debug|x64.ActiveCfg = Debug|x64
		{AB6DAEDC-3651-4E2C-A556-ED98A07107A7}.Debug|x64.Build.0 = Debug|x64
		{AB6DAEDC-3651-4E2C-A556-ED98A07107A7}.Debug|x86.ActiveCfg = Debug|Win32
		{AB6DAEDC-3651-4E2C-A556-ED98A07107A7}.Debug|x86.Build.0 = Debug|Win32
		{AB6DAEDC-3651-4E2C-A556-ED98A07107A7}.Release|x64.ActiveCfg = Release|x64
		{AB6DAEDC-3651-4E2C-A556-ED98A07107A7}.Release|x64.Build.0 = Release|x64
		{AB6DAEDC-3651-4E2C-A556-ED98A07107A7}.Release|x86.ActiveCfg = Release|Win32
		{AB6DAEDC-3651-4E2C-A556-ED98A07107A7}.Release|x86.Build.0 = Release|Win32
	EndGlobalSection
	GlobalSection(SolutionProperties) = preSolution
		HideSolutionNode = FALSE
	EndGlobalSection
	GlobalSection(ExtensibilityGlobals) = postSolution
		SolutionGuid = {00C52C99-EE69-47EA-B206-5E29EE5C83F1}
	EndGlobalSection
EndGlobal
