
Microsoft Visual Studio Solution File, Format Version 12.00
# Visual Studio 15
VisualStudioVersion = 15.0.28307.572
MinimumVisualStudioVersion = 10.0.40219.1
Project("{8BC9CEB8-8B4A-11D0-8D11-00A0C91BC942}") = "排序算法", "排序算法\排序算法.vcxproj", "{53B46B5B-21BA-4821-9EEC-F3C7D896C164}"
EndProject
Global
	GlobalSection(SolutionConfigurationPlatforms) = preSolution
		Debug|x64 = Debug|x64
		Debug|x86 = Debug|x86
		Release|x64 = Release|x64
		Release|x86 = Release|x86
	EndGlobalSection
	GlobalSection(ProjectConfigurationPlatforms) = postSolution
		{53B46B5B-21BA-4821-9EEC-F3C7D896C164}.Debug|x64.ActiveCfg = Debug|x64
		{53B46B5B-21BA-4821-9EEC-F3C7D896C164}.Debug|x64.Build.0 = Debug|x64
		{53B46B5B-21BA-4821-9EEC-F3C7D896C164}.Debug|x86.ActiveCfg = Debug|Win32
		{53B46B5B-21BA-4821-9EEC-F3C7D896C164}.Debug|x86.Build.0 = Debug|Win32
		{53B46B5B-21BA-4821-9EEC-F3C7D896C164}.Release|x64.ActiveCfg = Release|x64
		{53B46B5B-21BA-4821-9EEC-F3C7D896C164}.Release|x64.Build.0 = Release|x64
		{53B46B5B-21BA-4821-9EEC-F3C7D896C164}.Release|x86.ActiveCfg = Release|Win32
		{53B46B5B-21BA-4821-9EEC-F3C7D896C164}.Release|x86.Build.0 = Release|Win32
	EndGlobalSection
	GlobalSection(SolutionProperties) = preSolution
		HideSolutionNode = FALSE
	EndGlobalSection
	GlobalSection(ExtensibilityGlobals) = postSolution
		SolutionGuid = {7B86FA21-073E-49BB-8228-8D966B43D730}
	EndGlobalSection
EndGlobal
